
Microsoft Visual Studio Solution File, Format Version 12.00
# Visual Studio Version 17
VisualStudioVersion = 17.0.31903.59
MinimumVisualStudioVersion = 10.0.40219.1
Project("{FAE04EC0-301F-11D3-BF4B-00C04F79EFBC}") = "TileGeneratorV2.Core", "TileGeneratorV2.Core\TileGeneratorV2.Core.csproj", "{32443352-9F86-46F7-8C34-7159A283EC03}"
EndProject
Project("{FAE04EC0-301F-11D3-BF4B-00C04F79EFBC}") = "TileGeneratorV2.App", "TileGeneratorV2.App\TileGeneratorV2.App.csproj", "{FBA1B2B4-B21C-4E14-A82B-7328F7E0772C}"
EndProject
Global
	GlobalSection(SolutionConfigurationPlatforms) = preSolution
		Debug|Any CPU = Debug|Any CPU
		Debug|x64 = Debug|x64
		Debug|x86 = Debug|x86
		Release|Any CPU = Release|Any CPU
		Release|x64 = Release|x64
		Release|x86 = Release|x86
	EndGlobalSection
	GlobalSection(ProjectConfigurationPlatforms) = postSolution
		{32443352-9F86-46F7-8C34-7159A283EC03}.Debug|Any CPU.ActiveCfg = Debug|Any CPU
		{32443352-9F86-46F7-8C34-7159A283EC03}.Debug|Any CPU.Build.0 = Debug|Any CPU
		{32443352-9F86-46F7-8C34-7159A283EC03}.Debug|x64.ActiveCfg = Debug|Any CPU
		{32443352-9F86-46F7-8C34-7159A283EC03}.Debug|x64.Build.0 = Debug|Any CPU
		{32443352-9F86-46F7-8C34-7159A283EC03}.Debug|x86.ActiveCfg = Debug|Any CPU
		{32443352-9F86-46F7-8C34-7159A283EC03}.Debug|x86.Build.0 = Debug|Any CPU
		{32443352-9F86-46F7-8C34-7159A283EC03}.Release|Any CPU.ActiveCfg = Release|Any CPU
		{32443352-9F86-46F7-8C34-7159A283EC03}.Release|Any CPU.Build.0 = Release|Any CPU
		{32443352-9F86-46F7-8C34-7159A283EC03}.Release|x64.ActiveCfg = Release|Any CPU
		{32443352-9F86-46F7-8C34-7159A283EC03}.Release|x64.Build.0 = Release|Any CPU
		{32443352-9F86-46F7-8C34-7159A283EC03}.Release|x86.ActiveCfg = Release|Any CPU
		{32443352-9F86-46F7-8C34-7159A283EC03}.Release|x86.Build.0 = Release|Any CPU
		{FBA1B2B4-B21C-4E14-A82B-7328F7E0772C}.Debug|Any CPU.ActiveCfg = Debug|Any CPU
		{FBA1B2B4-B21C-4E14-A82B-7328F7E0772C}.Debug|Any CPU.Build.0 = Debug|Any CPU
		{FBA1B2B4-B21C-4E14-A82B-7328F7E0772C}.Debug|x64.ActiveCfg = Debug|Any CPU
		{FBA1B2B4-B21C-4E14-A82B-7328F7E0772C}.Debug|x64.Build.0 = Debug|Any CPU
		{FBA1B2B4-B21C-4E14-A82B-7328F7E0772C}.Debug|x86.ActiveCfg = Debug|Any CPU
		{FBA1B2B4-B21C-4E14-A82B-7328F7E0772C}.Debug|x86.Build.0 = Debug|Any CPU
		{FBA1B2B4-B21C-4E14-A82B-7328F7E0772C}.Release|Any CPU.ActiveCfg = Release|Any CPU
		{FBA1B2B4-B21C-4E14-A82B-7328F7E0772C}.Release|Any CPU.Build.0 = Release|Any CPU
		{FBA1B2B4-B21C-4E14-A82B-7328F7E0772C}.Release|x64.ActiveCfg = Release|Any CPU
		{FBA1B2B4-B21C-4E14-A82B-7328F7E0772C}.Release|x64.Build.0 = Release|Any CPU
		{FBA1B2B4-B21C-4E14-A82B-7328F7E0772C}.Release|x86.ActiveCfg = Release|Any CPU
		{FBA1B2B4-B21C-4E14-A82B-7328F7E0772C}.Release|x86.Build.0 = Release|Any CPU
	EndGlobalSection
	GlobalSection(SolutionProperties) = preSolution
		HideSolutionNode = FALSE
	EndGlobalSection
EndGlobal
